// !$*UTF8*$!
{
	archiveVersion = 1;
	classes = {
	};
	objectVersion = 46;
	objects = {

/* Begin PBXBuildFile section */
		5BFAD88E1C87317100DA365A /* AppDelegate.swift in Sources */ = {isa = PBXBuildFile; fileRef = 5BFAD88D1C87317100DA365A /* AppDelegate.swift */; };
		5BFAD8901C87317100DA365A /* ViewController.swift in Sources */ = {isa = PBXBuildFile; fileRef = 5BFAD88F1C87317100DA365A /* ViewController.swift */; };
		5BFAD8931C87317100DA365A /* Main.storyboard in Resources */ = {isa = PBXBuildFile; fileRef = 5BFAD8911C87317100DA365A /* Main.storyboard */; };
		5BFAD8961C87317100DA365A /* tlkuo_swift.xcdatamodeld in Sources */ = {isa = PBXBuildFile; fileRef = 5BFAD8941C87317100DA365A /* tlkuo_swift.xcdatamodeld */; };
		5BFAD8981C87317100DA365A /* Assets.xcassets in Resources */ = {isa = PBXBuildFile; fileRef = 5BFAD8971C87317100DA365A /* Assets.xcassets */; };
		5BFAD89B1C87317100DA365A /* LaunchScreen.storyboard in Resources */ = {isa = PBXBuildFile; fileRef = 5BFAD8991C87317100DA365A /* LaunchScreen.storyboard */; };
		5BFAD8A61C87317100DA365A /* tlkuo_swiftTests.swift in Sources */ = {isa = PBXBuildFile; fileRef = 5BFAD8A51C87317100DA365A /* tlkuo_swiftTests.swift */; };
		5BFAD8B11C87317100DA365A /* tlkuo_swiftUITests.swift in Sources */ = {isa = PBXBuildFile; fileRef = 5BFAD8B01C87317100DA365A /* tlkuo_swiftUITests.swift */; };
		5BFAD8C71C8877E900DA365A /* AppDelegate.swift in Sources */ = {isa = PBXBuildFile; fileRef = 5BFAD8C61C8877E900DA365A /* AppDelegate.swift */; };
		5BFAD8C91C8877E900DA365A /* ViewController.swift in Sources */ = {isa = PBXBuildFile; fileRef = 5BFAD8C81C8877E900DA365A /* ViewController.swift */; };
		5BFAD8CC1C8877E900DA365A /* Main.storyboard in Resources */ = {isa = PBXBuildFile; fileRef = 5BFAD8CA1C8877E900DA365A /* Main.storyboard */; };
		5BFAD8CF1C8877E900DA365A /* tlkuo_pay_swift.xcdatamodeld in Sources */ = {isa = PBXBuildFile; fileRef = 5BFAD8CD1C8877E900DA365A /* tlkuo_pay_swift.xcdatamodeld */; };
		5BFAD8D11C8877E900DA365A /* Assets.xcassets in Resources */ = {isa = PBXBuildFile; fileRef = 5BFAD8D01C8877E900DA365A /* Assets.xcassets */; };
		5BFAD8D41C8877E900DA365A /* LaunchScreen.storyboard in Resources */ = {isa = PBXBuildFile; fileRef = 5BFAD8D21C8877E900DA365A /* LaunchScreen.storyboard */; };
		5BFAD8DF1C8877E900DA365A /* tlkuo_pay_swiftTests.swift in Sources */ = {isa = PBXBuildFile; fileRef = 5BFAD8DE1C8877E900DA365A /* tlkuo_pay_swiftTests.swift */; };
		5BFAD8EA1C8877E900DA365A /* tlkuo_pay_swiftUITests.swift in Sources */ = {isa = PBXBuildFile; fileRef = 5BFAD8E91C8877E900DA365A /* tlkuo_pay_swiftUITests.swift */; };
/* End PBXBuildFile section */

/* Begin PBXContainerItemProxy section */
		5BFAD8A21C87317100DA365A /* PBXContainerItemProxy */ = {
			isa = PBXContainerItemProxy;
			containerPortal = 5BFAD8821C87317100DA365A /* Project object */;
			proxyType = 1;
			remoteGlobalIDString = 5BFAD8891C87317100DA365A;
			remoteInfo = "tlkuo-swift";
		};
		5BFAD8AD1C87317100DA365A /* PBXContainerItemProxy */ = {
			isa = PBXContainerItemProxy;
			containerPortal = 5BFAD8821C87317100DA365A /* Project object */;
			proxyType = 1;
			remoteGlobalIDString = 5BFAD8891C87317100DA365A;
			remoteInfo = "tlkuo-swift";
		};
		5BFAD8DB1C8877E900DA365A /* PBXContainerItemProxy */ = {
			isa = PBXContainerItemProxy;
			containerPortal = 5BFAD8821C87317100DA365A /* Project object */;
			proxyType = 1;
			remoteGlobalIDString = 5BFAD8C31C8877E900DA365A;
			remoteInfo = "tlkuo-pay-swift";
		};
		5BFAD8E61C8877E900DA365A /* PBXContainerItemProxy */ = {
			isa = PBXContainerItemProxy;
			containerPortal = 5BFAD8821C87317100DA365A /* Project object */;
			proxyType = 1;
			remoteGlobalIDString = 5BFAD8C31C8877E900DA365A;
			remoteInfo = "tlkuo-pay-swift";
		};
/* End PBXContainerItemProxy section */

/* Begin PBXFileReference section */
		5BFAD88A1C87317100DA365A /* tlkuo's debug.app */ = {isa = PBXFileReference; explicitFileType = wrapper.application; includeInIndex = 0; path = "tlkuo's debug.app"; sourceTree = BUILT_PRODUCTS_DIR; };
		5BFAD88D1C87317100DA365A /* AppDelegate.swift */ = {isa = PBXFileReference; lastKnownFileType = sourcecode.swift; path = AppDelegate.swift; sourceTree = "<group>"; };
		5BFAD88F1C87317100DA365A /* ViewController.swift */ = {isa = PBXFileReference; lastKnownFileType = sourcecode.swift; path = ViewController.swift; sourceTree = "<group>"; };
		5BFAD8921C87317100DA365A /* Base */ = {isa = PBXFileReference; lastKnownFileType = file.storyboard; name = Base; path = Base.lproj/Main.storyboard; sourceTree = "<group>"; };
		5BFAD8951C87317100DA365A /* tlkuo_swift.xcdatamodel */ = {isa = PBXFileReference; lastKnownFileType = wrapper.xcdatamodel; path = tlkuo_swift.xcdatamodel; sourceTree = "<group>"; };
		5BFAD8971C87317100DA365A /* Assets.xcassets */ = {isa = PBXFileReference; lastKnownFileType = folder.assetcatalog; path = Assets.xcassets; sourceTree = "<group>"; };
		5BFAD89A1C87317100DA365A /* Base */ = {isa = PBXFileReference; lastKnownFileType = file.storyboard; name = Base; path = Base.lproj/LaunchScreen.storyboard; sourceTree = "<group>"; };
		5BFAD89C1C87317100DA365A /* Info.plist */ = {isa = PBXFileReference; lastKnownFileType = text.plist.xml; path = Info.plist; sourceTree = "<group>"; };
		5BFAD8A11C87317100DA365A /* tlkuo-swiftTests.xctest */ = {isa = PBXFileReference; explicitFileType = wrapper.cfbundle; includeInIndex = 0; path = "tlkuo-swiftTests.xctest"; sourceTree = BUILT_PRODUCTS_DIR; };
		5BFAD8A51C87317100DA365A /* tlkuo_swiftTests.swift */ = {isa = PBXFileReference; lastKnownFileType = sourcecode.swift; path = tlkuo_swiftTests.swift; sourceTree = "<group>"; };
		5BFAD8A71C87317100DA365A /* Info.plist */ = {isa = PBXFileReference; lastKnownFileType = text.plist.xml; path = Info.plist; sourceTree = "<group>"; };
		5BFAD8AC1C87317100DA365A /* tlkuo-swiftUITests.xctest */ = {isa = PBXFileReference; explicitFileType = wrapper.cfbundle; includeInIndex = 0; path = "tlkuo-swiftUITests.xctest"; sourceTree = BUILT_PRODUCTS_DIR; };
		5BFAD8B01C87317100DA365A /* tlkuo_swiftUITests.swift */ = {isa = PBXFileReference; lastKnownFileType = sourcecode.swift; path = tlkuo_swiftUITests.swift; sourceTree = "<group>"; };
		5BFAD8B21C87317100DA365A /* Info.plist */ = {isa = PBXFileReference; lastKnownFileType = text.plist.xml; path = Info.plist; sourceTree = "<group>"; };
		5BFAD8C41C8877E900DA365A /* tlkuo-pay-swift-debug.app */ = {isa = PBXFileReference; explicitFileType = wrapper.application; includeInIndex = 0; path = "tlkuo-pay-swift-debug.app"; sourceTree = BUILT_PRODUCTS_DIR; };
		5BFAD8C61C8877E900DA365A /* AppDelegate.swift */ = {isa = PBXFileReference; lastKnownFileType = sourcecode.swift; path = AppDelegate.swift; sourceTree = "<group>"; };
		5BFAD8C81C8877E900DA365A /* ViewController.swift */ = {isa = PBXFileReference; lastKnownFileType = sourcecode.swift; path = ViewController.swift; sourceTree = "<group>"; };
		5BFAD8CB1C8877E900DA365A /* Base */ = {isa = PBXFileReference; lastKnownFileType = file.storyboard; name = Base; path = Base.lproj/Main.storyboard; sourceTree = "<group>"; };
		5BFAD8CE1C8877E900DA365A /* tlkuo_pay_swift.xcdatamodel */ = {isa = PBXFileReference; lastKnownFileType = wrapper.xcdatamodel; path = tlkuo_pay_swift.xcdatamodel; sourceTree = "<group>"; };
		5BFAD8D01C8877E900DA365A /* Assets.xcassets */ = {isa = PBXFileReference; lastKnownFileType = folder.assetcatalog; path = Assets.xcassets; sourceTree = "<group>"; };
		5BFAD8D31C8877E900DA365A /* Base */ = {isa = PBXFileReference; lastKnownFileType = file.storyboard; name = Base; path = Base.lproj/LaunchScreen.storyboard; sourceTree = "<group>"; };
		5BFAD8D51C8877E900DA365A /* Info.plist */ = {isa = PBXFileReference; lastKnownFileType = text.plist.xml; path = Info.plist; sourceTree = "<group>"; };
		5BFAD8DA1C8877E900DA365A /* tlkuo-pay-swiftTests.xctest */ = {isa = PBXFileReference; explicitFileType = wrapper.cfbundle; includeInIndex = 0; path = "tlkuo-pay-swiftTests.xctest"; sourceTree = BUILT_PRODUCTS_DIR; };
		5BFAD8DE1C8877E900DA365A /* tlkuo_pay_swiftTests.swift */ = {isa = PBXFileReference; lastKnownFileType = sourcecode.swift; path = tlkuo_pay_swiftTests.swift; sourceTree = "<group>"; };
		5BFAD8E01C8877E900DA365A /* Info.plist */ = {isa = PBXFileReference; lastKnownFileType = text.plist.xml; path = Info.plist; sourceTree = "<group>"; };
		5BFAD8E51C8877E900DA365A /* tlkuo-pay-swiftUITests.xctest */ = {isa = PBXFileReference; explicitFileType = wrapper.cfbundle; includeInIndex = 0; path = "tlkuo-pay-swiftUITests.xctest"; sourceTree = BUILT_PRODUCTS_DIR; };
		5BFAD8E91C8877E900DA365A /* tlkuo_pay_swiftUITests.swift */ = {isa = PBXFileReference; lastKnownFileType = sourcecode.swift; path = tlkuo_pay_swiftUITests.swift; sourceTree = "<group>"; };
		5BFAD8EB1C8877E900DA365A /* Info.plist */ = {isa = PBXFileReference; lastKnownFileType = text.plist.xml; path = Info.plist; sourceTree = "<group>"; };
/* End PBXFileReference section */

/* Begin PBXFrameworksBuildPhase section */
		5BFAD8871C87317100DA365A /* Frameworks */ = {
			isa = PBXFrameworksBuildPhase;
			buildActionMask = 2147483647;
			files = (
			);
			runOnlyForDeploymentPostprocessing = 0;
		};
		5BFAD89E1C87317100DA365A /* Frameworks */ = {
			isa = PBXFrameworksBuildPhase;
			buildActionMask = 2147483647;
			files = (
			);
			runOnlyForDeploymentPostprocessing = 0;
		};
		5BFAD8A91C87317100DA365A /* Frameworks */ = {
			isa = PBXFrameworksBuildPhase;
			buildActionMask = 2147483647;
			files = (
			);
			runOnlyForDeploymentPostprocessing = 0;
		};
		5BFAD8C11C8877E900DA365A /* Frameworks */ = {
			isa = PBXFrameworksBuildPhase;
			buildActionMask = 2147483647;
			files = (
			);
			runOnlyForDeploymentPostprocessing = 0;
		};
		5BFAD8D71C8877E900DA365A /* Frameworks */ = {
			isa = PBXFrameworksBuildPhase;
			buildActionMask = 2147483647;
			files = (
			);
			runOnlyForDeploymentPostprocessing = 0;
		};
		5BFAD8E21C8877E900DA365A /* Frameworks */ = {
			isa = PBXFrameworksBuildPhase;
			buildActionMask = 2147483647;
			files = (
			);
			runOnlyForDeploymentPostprocessing = 0;
		};
/* End PBXFrameworksBuildPhase section */

/* Begin PBXGroup section */
		5BFAD8811C87317100DA365A = {
			isa = PBXGroup;
			children = (
				5BFAD88C1C87317100DA365A /* tlkuo-swift */,
				5BFAD8A41C87317100DA365A /* tlkuo-swiftTests */,
				5BFAD8AF1C87317100DA365A /* tlkuo-swiftUITests */,
				5BFAD8C51C8877E900DA365A /* tlkuo-pay-swift */,
				5BFAD8DD1C8877E900DA365A /* tlkuo-pay-swiftTests */,
				5BFAD8E81C8877E900DA365A /* tlkuo-pay-swiftUITests */,
				5BFAD88B1C87317100DA365A /* Products */,
			);
			sourceTree = "<group>";
		};
		5BFAD88B1C87317100DA365A /* Products */ = {
			isa = PBXGroup;
			children = (
				5BFAD88A1C87317100DA365A /* tlkuo's debug.app */,
				5BFAD8A11C87317100DA365A /* tlkuo-swiftTests.xctest */,
				5BFAD8AC1C87317100DA365A /* tlkuo-swiftUITests.xctest */,
				5BFAD8C41C8877E900DA365A /* tlkuo-pay-swift-debug.app */,
				5BFAD8DA1C8877E900DA365A /* tlkuo-pay-swiftTests.xctest */,
				5BFAD8E51C8877E900DA365A /* tlkuo-pay-swiftUITests.xctest */,
			);
			name = Products;
			sourceTree = "<group>";
		};
		5BFAD88C1C87317100DA365A /* tlkuo-swift */ = {
			isa = PBXGroup;
			children = (
				5BFAD88D1C87317100DA365A /* AppDelegate.swift */,
				5BFAD88F1C87317100DA365A /* ViewController.swift */,
				5BFAD8911C87317100DA365A /* Main.storyboard */,
				5BFAD8971C87317100DA365A /* Assets.xcassets */,
				5BFAD8991C87317100DA365A /* LaunchScreen.storyboard */,
				5BFAD89C1C87317100DA365A /* Info.plist */,
				5BFAD8941C87317100DA365A /* tlkuo_swift.xcdatamodeld */,
			);
			path = "tlkuo-swift";
			sourceTree = "<group>";
		};
		5BFAD8A41C87317100DA365A /* tlkuo-swiftTests */ = {
			isa = PBXGroup;
			children = (
				5BFAD8A51C87317100DA365A /* tlkuo_swiftTests.swift */,
				5BFAD8A71C87317100DA365A /* Info.plist */,
			);
			path = "tlkuo-swiftTests";
			sourceTree = "<group>";
		};
		5BFAD8AF1C87317100DA365A /* tlkuo-swiftUITests */ = {
			isa = PBXGroup;
			children = (
				5BFAD8B01C87317100DA365A /* tlkuo_swiftUITests.swift */,
				5BFAD8B21C87317100DA365A /* Info.plist */,
			);
			path = "tlkuo-swiftUITests";
			sourceTree = "<group>";
		};
		5BFAD8C51C8877E900DA365A /* tlkuo-pay-swift */ = {
			isa = PBXGroup;
			children = (
				5BFAD8C61C8877E900DA365A /* AppDelegate.swift */,
				5BFAD8C81C8877E900DA365A /* ViewController.swift */,
				5BFAD8CA1C8877E900DA365A /* Main.storyboard */,
				5BFAD8D01C8877E900DA365A /* Assets.xcassets */,
				5BFAD8D21C8877E900DA365A /* LaunchScreen.storyboard */,
				5BFAD8D51C8877E900DA365A /* Info.plist */,
				5BFAD8CD1C8877E900DA365A /* tlkuo_pay_swift.xcdatamodeld */,
			);
			path = "tlkuo-pay-swift";
			sourceTree = "<group>";
		};
		5BFAD8DD1C8877E900DA365A /* tlkuo-pay-swiftTests */ = {
			isa = PBXGroup;
			children = (
				5BFAD8DE1C8877E900DA365A /* tlkuo_pay_swiftTests.swift */,
				5BFAD8E01C8877E900DA365A /* Info.plist */,
			);
			path = "tlkuo-pay-swiftTests";
			sourceTree = "<group>";
		};
		5BFAD8E81C8877E900DA365A /* tlkuo-pay-swiftUITests */ = {
			isa = PBXGroup;
			children = (
				5BFAD8E91C8877E900DA365A /* tlkuo_pay_swiftUITests.swift */,
				5BFAD8EB1C8877E900DA365A /* Info.plist */,
			);
			path = "tlkuo-pay-swiftUITests";
			sourceTree = "<group>";
		};
/* End PBXGroup section */

/* Begin PBXNativeTarget section */
		5BFAD8891C87317100DA365A /* tlkuo-swift */ = {
			isa = PBXNativeTarget;
			buildConfigurationList = 5BFAD8B51C87317100DA365A /* Build configuration list for PBXNativeTarget "tlkuo-swift" */;
			buildPhases = (
				5BFAD8861C87317100DA365A /* Sources */,
				5BFAD8871C87317100DA365A /* Frameworks */,
				5BFAD8881C87317100DA365A /* Resources */,
			);
			buildRules = (
			);
			dependencies = (
			);
			name = "tlkuo-swift";
			productName = "tlkuo-swift";
			productReference = 5BFAD88A1C87317100DA365A /* tlkuo's debug.app */;
			productType = "com.apple.product-type.application";
		};
		5BFAD8A01C87317100DA365A /* tlkuo-swiftTests */ = {
			isa = PBXNativeTarget;
			buildConfigurationList = 5BFAD8B81C87317100DA365A /* Build configuration list for PBXNativeTarget "tlkuo-swiftTests" */;
			buildPhases = (
				5BFAD89D1C87317100DA365A /* Sources */,
				5BFAD89E1C87317100DA365A /* Frameworks */,
				5BFAD89F1C87317100DA365A /* Resources */,
			);
			buildRules = (
			);
			dependencies = (
				5BFAD8A31C87317100DA365A /* PBXTargetDependency */,
			);
			name = "tlkuo-swiftTests";
			productName = "tlkuo-swiftTests";
			productReference = 5BFAD8A11C87317100DA365A /* tlkuo-swiftTests.xctest */;
			productType = "com.apple.product-type.bundle.unit-test";
		};
		5BFAD8AB1C87317100DA365A /* tlkuo-swiftUITests */ = {
			isa = PBXNativeTarget;
			buildConfigurationList = 5BFAD8BB1C87317100DA365A /* Build configuration list for PBXNativeTarget "tlkuo-swiftUITests" */;
			buildPhases = (
				5BFAD8A81C87317100DA365A /* Sources */,
				5BFAD8A91C87317100DA365A /* Frameworks */,
				5BFAD8AA1C87317100DA365A /* Resources */,
			);
			buildRules = (
			);
			dependencies = (
				5BFAD8AE1C87317100DA365A /* PBXTargetDependency */,
			);
			name = "tlkuo-swiftUITests";
			productName = "tlkuo-swiftUITests";
			productReference = 5BFAD8AC1C87317100DA365A /* tlkuo-swiftUITests.xctest */;
			productType = "com.apple.product-type.bundle.ui-testing";
		};
		5BFAD8C31C8877E900DA365A /* tlkuo-pay-swift */ = {
			isa = PBXNativeTarget;
			buildConfigurationList = 5BFAD8EC1C8877E900DA365A /* Build configuration list for PBXNativeTarget "tlkuo-pay-swift" */;
			buildPhases = (
				5BFAD8C01C8877E900DA365A /* Sources */,
				5BFAD8C11C8877E900DA365A /* Frameworks */,
				5BFAD8C21C8877E900DA365A /* Resources */,
			);
			buildRules = (
			);
			dependencies = (
			);
			name = "tlkuo-pay-swift";
			productName = "tlkuo-pay-swift";
			productReference = 5BFAD8C41C8877E900DA365A /* tlkuo-pay-swift-debug.app */;
			productType = "com.apple.product-type.application";
		};
		5BFAD8D91C8877E900DA365A /* tlkuo-pay-swiftTests */ = {
			isa = PBXNativeTarget;
			buildConfigurationList = 5BFAD8EF1C8877E900DA365A /* Build configuration list for PBXNativeTarget "tlkuo-pay-swiftTests" */;
			buildPhases = (
				5BFAD8D61C8877E900DA365A /* Sources */,
				5BFAD8D71C8877E900DA365A /* Frameworks */,
				5BFAD8D81C8877E900DA365A /* Resources */,
			);
			buildRules = (
			);
			dependencies = (
				5BFAD8DC1C8877E900DA365A /* PBXTargetDependency */,
			);
			name = "tlkuo-pay-swiftTests";
			productName = "tlkuo-pay-swiftTests";
			productReference = 5BFAD8DA1C8877E900DA365A /* tlkuo-pay-swiftTests.xctest */;
			productType = "com.apple.product-type.bundle.unit-test";
		};
		5BFAD8E41C8877E900DA365A /* tlkuo-pay-swiftUITests */ = {
			isa = PBXNativeTarget;
			buildConfigurationList = 5BFAD8F21C8877E900DA365A /* Build configuration list for PBXNativeTarget "tlkuo-pay-swiftUITests" */;
			buildPhases = (
				5BFAD8E11C8877E900DA365A /* Sources */,
				5BFAD8E21C8877E900DA365A /* Frameworks */,
				5BFAD8E31C8877E900DA365A /* Resources */,
			);
			buildRules = (
			);
			dependencies = (
				5BFAD8E71C8877E900DA365A /* PBXTargetDependency */,
			);
			name = "tlkuo-pay-swiftUITests";
			productName = "tlkuo-pay-swiftUITests";
			productReference = 5BFAD8E51C8877E900DA365A /* tlkuo-pay-swiftUITests.xctest */;
			productType = "com.apple.product-type.bundle.ui-testing";
		};
/* End PBXNativeTarget section */

/* Begin PBXProject section */
		5BFAD8821C87317100DA365A /* Project object */ = {
			isa = PBXProject;
			attributes = {
				LastSwiftUpdateCheck = 0720;
				LastUpgradeCheck = 0720;
				ORGANIZATIONNAME = Frainbow;
				TargetAttributes = {
					5BFAD8891C87317100DA365A = {
						CreatedOnToolsVersion = 7.2.1;
						DevelopmentTeam = VVXY4GH26U;
					};
					5BFAD8A01C87317100DA365A = {
						CreatedOnToolsVersion = 7.2.1;
						TestTargetID = 5BFAD8891C87317100DA365A;
					};
					5BFAD8AB1C87317100DA365A = {
						CreatedOnToolsVersion = 7.2.1;
						TestTargetID = 5BFAD8891C87317100DA365A;
					};
					5BFAD8C31C8877E900DA365A = {
						CreatedOnToolsVersion = 7.2.1;
					};
					5BFAD8D91C8877E900DA365A = {
						CreatedOnToolsVersion = 7.2.1;
						TestTargetID = 5BFAD8C31C8877E900DA365A;
					};
					5BFAD8E41C8877E900DA365A = {
						CreatedOnToolsVersion = 7.2.1;
						TestTargetID = 5BFAD8C31C8877E900DA365A;
					};
				};
			};
			buildConfigurationList = 5BFAD8851C87317100DA365A /* Build configuration list for PBXProject "tlkuo-swift" */;
			compatibilityVersion = "Xcode 3.2";
			developmentRegion = English;
			hasScannedForEncodings = 0;
			knownRegions = (
				en,
				Base,
			);
			mainGroup = 5BFAD8811C87317100DA365A;
			productRefGroup = 5BFAD88B1C87317100DA365A /* Products */;
			projectDirPath = "";
			projectRoot = "";
			targets = (
				5BFAD8891C87317100DA365A /* tlkuo-swift */,
				5BFAD8A01C87317100DA365A /* tlkuo-swiftTests */,
				5BFAD8AB1C87317100DA365A /* tlkuo-swiftUITests */,
				5BFAD8C31C8877E900DA365A /* tlkuo-pay-swift */,
				5BFAD8D91C8877E900DA365A /* tlkuo-pay-swiftTests */,
				5BFAD8E41C8877E900DA365A /* tlkuo-pay-swiftUITests */,
			);
		};
/* End PBXProject section */

/* Begin PBXResourcesBuildPhase section */
		5BFAD8881C87317100DA365A /* Resources */ = {
			isa = PBXResourcesBuildPhase;
			buildActionMask = 2147483647;
			files = (
				5BFAD89B1C87317100DA365A /* LaunchScreen.storyboard in Resources */,
				5BFAD8981C87317100DA365A /* Assets.xcassets in Resources */,
				5BFAD8931C87317100DA365A /* Main.storyboard in Resources */,
			);
			runOnlyForDeploymentPostprocessing = 0;
		};
		5BFAD89F1C87317100DA365A /* Resources */ = {
			isa = PBXResourcesBuildPhase;
			buildActionMask = 2147483647;
			files = (
			);
			runOnlyForDeploymentPostprocessing = 0;
		};
		5BFAD8AA1C87317100DA365A /* Resources */ = {
			isa = PBXResourcesBuildPhase;
			buildActionMask = 2147483647;
			files = (
			);
			runOnlyForDeploymentPostprocessing = 0;
		};
		5BFAD8C21C8877E900DA365A /* Resources */ = {
			isa = PBXResourcesBuildPhase;
			buildActionMask = 2147483647;
			files = (
				5BFAD8D41C8877E900DA365A /* LaunchScreen.storyboard in Resources */,
				5BFAD8D11C8877E900DA365A /* Assets.xcassets in Resources */,
				5BFAD8CC1C8877E900DA365A /* Main.storyboard in Resources */,
			);
			runOnlyForDeploymentPostprocessing = 0;
		};
		5BFAD8D81C8877E900DA365A /* Resources */ = {
			isa = PBXResourcesBuildPhase;
			buildActionMask = 2147483647;
			files = (
			);
			runOnlyForDeploymentPostprocessing = 0;
		};
		5BFAD8E31C8877E900DA365A /* Resources */ = {
			isa = PBXResourcesBuildPhase;
			buildActionMask = 2147483647;
			files = (
			);
			runOnlyForDeploymentPostprocessing = 0;
		};
/* End PBXResourcesBuildPhase section */

/* Begin PBXSourcesBuildPhase section */
		5BFAD8861C87317100DA365A /* Sources */ = {
			isa = PBXSourcesBuildPhase;
			buildActionMask = 2147483647;
			files = (
				5BFAD8901C87317100DA365A /* ViewController.swift in Sources */,
				5BFAD8961C87317100DA365A /* tlkuo_swift.xcdatamodeld in Sources */,
				5BFAD88E1C87317100DA365A /* AppDelegate.swift in Sources */,
			);
			runOnlyForDeploymentPostprocessing = 0;
		};
		5BFAD89D1C87317100DA365A /* Sources */ = {
			isa = PBXSourcesBuildPhase;
			buildActionMask = 2147483647;
			files = (
				5BFAD8A61C87317100DA365A /* tlkuo_swiftTests.swift in Sources */,
			);
			runOnlyForDeploymentPostprocessing = 0;
		};
		5BFAD8A81C87317100DA365A /* Sources */ = {
			isa = PBXSourcesBuildPhase;
			buildActionMask = 2147483647;
			files = (
				5BFAD8B11C87317100DA365A /* tlkuo_swiftUITests.swift in Sources */,
			);
			runOnlyForDeploymentPostprocessing = 0;
		};
		5BFAD8C01C8877E900DA365A /* Sources */ = {
			isa = PBXSourcesBuildPhase;
			buildActionMask = 2147483647;
			files = (
				5BFAD8C91C8877E900DA365A /* ViewController.swift in Sources */,
				5BFAD8CF1C8877E900DA365A /* tlkuo_pay_swift.xcdatamodeld in Sources */,
				5BFAD8C71C8877E900DA365A /* AppDelegate.swift in Sources */,
			);
			runOnlyForDeploymentPostprocessing = 0;
		};
		5BFAD8D61C8877E900DA365A /* Sources */ = {
			isa = PBXSourcesBuildPhase;
			buildActionMask = 2147483647;
			files = (
				5BFAD8DF1C8877E900DA365A /* tlkuo_pay_swiftTests.swift in Sources */,
			);
			runOnlyForDeploymentPostprocessing = 0;
		};
		5BFAD8E11C8877E900DA365A /* Sources */ = {
			isa = PBXSourcesBuildPhase;
			buildActionMask = 2147483647;
			files = (
				5BFAD8EA1C8877E900DA365A /* tlkuo_pay_swiftUITests.swift in Sources */,
			);
			runOnlyForDeploymentPostprocessing = 0;
		};
/* End PBXSourcesBuildPhase section */

/* Begin PBXTargetDependency section */
		5BFAD8A31C87317100DA365A /* PBXTargetDependency */ = {
			isa = PBXTargetDependency;
			target = 5BFAD8891C87317100DA365A /* tlkuo-swift */;
			targetProxy = 5BFAD8A21C87317100DA365A /* PBXContainerItemProxy */;
		};
		5BFAD8AE1C87317100DA365A /* PBXTargetDependency */ = {
			isa = PBXTargetDependency;
			target = 5BFAD8891C87317100DA365A /* tlkuo-swift */;
			targetProxy = 5BFAD8AD1C87317100DA365A /* PBXContainerItemProxy */;
		};
		5BFAD8DC1C8877E900DA365A /* PBXTargetDependency */ = {
			isa = PBXTargetDependency;
			target = 5BFAD8C31C8877E900DA365A /* tlkuo-pay-swift */;
			targetProxy = 5BFAD8DB1C8877E900DA365A /* PBXContainerItemProxy */;
		};
		5BFAD8E71C8877E900DA365A /* PBXTargetDependency */ = {
			isa = PBXTargetDependency;
			target = 5BFAD8C31C8877E900DA365A /* tlkuo-pay-swift */;
			targetProxy = 5BFAD8E61C8877E900DA365A /* PBXContainerItemProxy */;
		};
/* End PBXTargetDependency section */

/* Begin PBXVariantGroup section */
		5BFAD8911C87317100DA365A /* Main.storyboard */ = {
			isa = PBXVariantGroup;
			children = (
				5BFAD8921C87317100DA365A /* Base */,
			);
			name = Main.storyboard;
			sourceTree = "<group>";
		};
		5BFAD8991C87317100DA365A /* LaunchScreen.storyboard */ = {
			isa = PBXVariantGroup;
			children = (
				5BFAD89A1C87317100DA365A /* Base */,
			);
			name = LaunchScreen.storyboard;
			sourceTree = "<group>";
		};
		5BFAD8CA1C8877E900DA365A /* Main.storyboard */ = {
			isa = PBXVariantGroup;
			children = (
				5BFAD8CB1C8877E900DA365A /* Base */,
			);
			name = Main.storyboard;
			sourceTree = "<group>";
		};
		5BFAD8D21C8877E900DA365A /* LaunchScreen.storyboard */ = {
			isa = PBXVariantGroup;
			children = (
				5BFAD8D31C8877E900DA365A /* Base */,
			);
			name = LaunchScreen.storyboard;
			sourceTree = "<group>";
		};
/* End PBXVariantGroup section */

/* Begin XCBuildConfiguration section */
		5BFAD8B31C87317100DA365A /* Debug */ = {
			isa = XCBuildConfiguration;
			buildSettings = {
				ALWAYS_SEARCH_USER_PATHS = NO;
				CLANG_CXX_LANGUAGE_STANDARD = "gnu++0x";
				CLANG_CXX_LIBRARY = "libc++";
				CLANG_ENABLE_MODULES = YES;
				CLANG_ENABLE_OBJC_ARC = YES;
				CLANG_WARN_BOOL_CONVERSION = YES;
				CLANG_WARN_CONSTANT_CONVERSION = YES;
				CLANG_WARN_DIRECT_OBJC_ISA_USAGE = YES_ERROR;
				CLANG_WARN_EMPTY_BODY = YES;
				CLANG_WARN_ENUM_CONVERSION = YES;
				CLANG_WARN_INT_CONVERSION = YES;
				CLANG_WARN_OBJC_ROOT_CLASS = YES_ERROR;
				CLANG_WARN_UNREACHABLE_CODE = YES;
				CLANG_WARN__DUPLICATE_METHOD_MATCH = YES;
				"CODE_SIGN_IDENTITY[sdk=iphoneos*]" = "iPhone Developer";
				COPY_PHASE_STRIP = NO;
				DEBUG_INFORMATION_FORMAT = dwarf;
				ENABLE_STRICT_OBJC_MSGSEND = YES;
				ENABLE_TESTABILITY = YES;
				GCC_C_LANGUAGE_STANDARD = gnu99;
				GCC_DYNAMIC_NO_PIC = NO;
				GCC_NO_COMMON_BLOCKS = YES;
				GCC_OPTIMIZATION_LEVEL = 0;
				GCC_PREPROCESSOR_DEFINITIONS = (
					"DEBUG=1",
					"$(inherited)",
				);
				GCC_WARN_64_TO_32_BIT_CONVERSION = YES;
				GCC_WARN_ABOUT_RETURN_TYPE = YES_ERROR;
				GCC_WARN_UNDECLARED_SELECTOR = YES;
				GCC_WARN_UNINITIALIZED_AUTOS = YES_AGGRESSIVE;
				GCC_WARN_UNUSED_FUNCTION = YES;
				GCC_WARN_UNUSED_VARIABLE = YES;
				IPHONEOS_DEPLOYMENT_TARGET = 9.2;
				MTL_ENABLE_DEBUG_INFO = YES;
				ONLY_ACTIVE_ARCH = YES;
				SDKROOT = iphoneos;
				SWIFT_OPTIMIZATION_LEVEL = "-Onone";
				TARGETED_DEVICE_FAMILY = "1,2";
			};
			name = Debug;
		};
		5BFAD8B41C87317100DA365A /* Release */ = {
			isa = XCBuildConfiguration;
			buildSettings = {
				ALWAYS_SEARCH_USER_PATHS = NO;
				CLANG_CXX_LANGUAGE_STANDARD = "gnu++0x";
				CLANG_CXX_LIBRARY = "libc++";
				CLANG_ENABLE_MODULES = YES;
				CLANG_ENABLE_OBJC_ARC = YES;
				CLANG_WARN_BOOL_CONVERSION = YES;
				CLANG_WARN_CONSTANT_CONVERSION = YES;
				CLANG_WARN_DIRECT_OBJC_ISA_USAGE = YES_ERROR;
				CLANG_WARN_EMPTY_BODY = YES;
				CLANG_WARN_ENUM_CONVERSION = YES;
				CLANG_WARN_INT_CONVERSION = YES;
				CLANG_WARN_OBJC_ROOT_CLASS = YES_ERROR;
				CLANG_WARN_UNREACHABLE_CODE = YES;
				CLANG_WARN__DUPLICATE_METHOD_MATCH = YES;
				"CODE_SIGN_IDENTITY[sdk=iphoneos*]" = "iPhone Developer";
				COPY_PHASE_STRIP = NO;
				DEBUG_INFORMATION_FORMAT = "dwarf-with-dsym";
				ENABLE_NS_ASSERTIONS = NO;
				ENABLE_STRICT_OBJC_MSGSEND = YES;
				GCC_C_LANGUAGE_STANDARD = gnu99;
				GCC_NO_COMMON_BLOCKS = YES;
				GCC_WARN_64_TO_32_BIT_CONVERSION = YES;
				GCC_WARN_ABOUT_RETURN_TYPE = YES_ERROR;
				GCC_WARN_UNDECLARED_SELECTOR = YES;
				GCC_WARN_UNINITIALIZED_AUTOS = YES_AGGRESSIVE;
				GCC_WARN_UNUSED_FUNCTION = YES;
				GCC_WARN_UNUSED_VARIABLE = YES;
				IPHONEOS_DEPLOYMENT_TARGET = 9.2;
				MTL_ENABLE_DEBUG_INFO = NO;
				SDKROOT = iphoneos;
				TARGETED_DEVICE_FAMILY = "1,2";
				VALIDATE_PRODUCT = YES;
			};
			name = Release;
		};
		5BFAD8B61C87317100DA365A /* Debug */ = {
			isa = XCBuildConfiguration;
			buildSettings = {
				ASSETCATALOG_COMPILER_APPICON_NAME = AppIcon;
				CODE_SIGN_IDENTITY = "iPhone Developer";
				INFOPLIST_FILE = "tlkuo-swift/Info.plist";
				LD_RUNPATH_SEARCH_PATHS = "$(inherited) @executable_path/Frameworks";
				PRODUCT_BUNDLE_IDENTIFIER = "tw.frb.tlkuo-swift";
				PRODUCT_NAME = "tlkuo's debug";
				TARGETED_DEVICE_FAMILY = "1,2";
			};
			name = Debug;
		};
		5BFAD8B71C87317100DA365A /* Release */ = {
			isa = XCBuildConfiguration;
			buildSettings = {
				ASSETCATALOG_COMPILER_APPICON_NAME = AppIcon;
				CODE_SIGN_IDENTITY = "iPhone Developer";
				INFOPLIST_FILE = "tlkuo-swift/Info.plist";
				LD_RUNPATH_SEARCH_PATHS = "$(inherited) @executable_path/Frameworks";
				PRODUCT_BUNDLE_IDENTIFIER = "tw.frb.tlkuo-swift";
				PRODUCT_NAME = "tlkuo's blog";
				TARGETED_DEVICE_FAMILY = "1,2";
			};
			name = Release;
		};
		5BFAD8B91C87317100DA365A /* Debug */ = {
			isa = XCBuildConfiguration;
			buildSettings = {
				BUNDLE_LOADER = "$(TEST_HOST)";
				INFOPLIST_FILE = "tlkuo-swiftTests/Info.plist";
				LD_RUNPATH_SEARCH_PATHS = "$(inherited) @executable_path/Frameworks @loader_path/Frameworks";
				PRODUCT_BUNDLE_IDENTIFIER = "tw.frb.tlkuo-swiftTests";
				PRODUCT_NAME = "$(TARGET_NAME)";
				TEST_HOST = "$(BUILT_PRODUCTS_DIR)/tlkuo-swift.app/tlkuo-swift";
			};
			name = Debug;
		};
		5BFAD8BA1C87317100DA365A /* Release */ = {
			isa = XCBuildConfiguration;
			buildSettings = {
				BUNDLE_LOADER = "$(TEST_HOST)";
				INFOPLIST_FILE = "tlkuo-swiftTests/Info.plist";
				LD_RUNPATH_SEARCH_PATHS = "$(inherited) @executable_path/Frameworks @loader_path/Frameworks";
				PRODUCT_BUNDLE_IDENTIFIER = "tw.frb.tlkuo-swiftTests";
				PRODUCT_NAME = "$(TARGET_NAME)";
				TEST_HOST = "$(BUILT_PRODUCTS_DIR)/tlkuo-swift.app/tlkuo-swift";
			};
			name = Release;
		};
		5BFAD8BC1C87317100DA365A /* Debug */ = {
			isa = XCBuildConfiguration;
			buildSettings = {
				INFOPLIST_FILE = "tlkuo-swiftUITests/Info.plist";
				LD_RUNPATH_SEARCH_PATHS = "$(inherited) @executable_path/Frameworks @loader_path/Frameworks";
				PRODUCT_BUNDLE_IDENTIFIER = "tw.frb.tlkuo-swiftUITests";
				PRODUCT_NAME = "$(TARGET_NAME)";
				TEST_TARGET_NAME = "tlkuo-swift";
				USES_XCTRUNNER = YES;
			};
			name = Debug;
		};
		5BFAD8BD1C87317100DA365A /* Release */ = {
			isa = XCBuildConfiguration;
			buildSettings = {
				INFOPLIST_FILE = "tlkuo-swiftUITests/Info.plist";
				LD_RUNPATH_SEARCH_PATHS = "$(inherited) @executable_path/Frameworks @loader_path/Frameworks";
				PRODUCT_BUNDLE_IDENTIFIER = "tw.frb.tlkuo-swiftUITests";
				PRODUCT_NAME = "$(TARGET_NAME)";
				TEST_TARGET_NAME = "tlkuo-swift";
				USES_XCTRUNNER = YES;
			};
			name = Release;
		};
		5BFAD8ED1C8877E900DA365A /* Debug */ = {
			isa = XCBuildConfiguration;
			buildSettings = {
				ASSETCATALOG_COMPILER_APPICON_NAME = AppIcon;
				INFOPLIST_FILE = "tlkuo-pay-swift/Info.plist";
				LD_RUNPATH_SEARCH_PATHS = "$(inherited) @executable_path/Frameworks";
				PRODUCT_BUNDLE_IDENTIFIER = "tw.frb.tlkuo-pay-swift";
				PRODUCT_NAME = "$(TARGET_NAME)-debug";
			};
			name = Debug;
		};
		5BFAD8EE1C8877E900DA365A /* Release */ = {
			isa = XCBuildConfiguration;
			buildSettings = {
				ASSETCATALOG_COMPILER_APPICON_NAME = AppIcon;
				INFOPLIST_FILE = "tlkuo-pay-swift/Info.plist";
				LD_RUNPATH_SEARCH_PATHS = "$(inherited) @executable_path/Frameworks";
				PRODUCT_BUNDLE_IDENTIFIER = "tw.frb.tlkuo-pay-swift";
				PRODUCT_NAME = "$(TARGET_NAME)";
			};
			name = Release;
		};
		5BFAD8F01C8877E900DA365A /* Debug */ = {
			isa = XCBuildConfiguration;
			buildSettings = {
				BUNDLE_LOADER = "$(TEST_HOST)";
				INFOPLIST_FILE = "tlkuo-pay-swiftTests/Info.plist";
				LD_RUNPATH_SEARCH_PATHS = "$(inherited) @executable_path/Frameworks @loader_path/Frameworks";
				PRODUCT_BUNDLE_IDENTIFIER = "tw.frb.tlkuo-pay-swiftTests";
				PRODUCT_NAME = "$(TARGET_NAME)";
				TEST_HOST = "$(BUILT_PRODUCTS_DIR)/tlkuo-pay-swift.app/tlkuo-pay-swift";
			};
			name = Debug;
		};
		5BFAD8F11C8877E900DA365A /* Release */ = {
			isa = XCBuildConfiguration;
			buildSettings = {
				BUNDLE_LOADER = "$(TEST_HOST)";
				INFOPLIST_FILE = "tlkuo-pay-swiftTests/Info.plist";
				LD_RUNPATH_SEARCH_PATHS = "$(inherited) @executable_path/Frameworks @loader_path/Frameworks";
				PRODUCT_BUNDLE_IDENTIFIER = "tw.frb.tlkuo-pay-swiftTests";
				PRODUCT_NAME = "$(TARGET_NAME)";
				TEST_HOST = "$(BUILT_PRODUCTS_DIR)/tlkuo-pay-swift.app/tlkuo-pay-swift";
			};
			name = Release;
		};
		5BFAD8F31C8877E900DA365A /* Debug */ = {
			isa = XCBuildConfiguration;
			buildSettings = {
				INFOPLIST_FILE = "tlkuo-pay-swiftUITests/Info.plist";
				LD_RUNPATH_SEARCH_PATHS = "$(inherited) @executable_path/Frameworks @loader_path/Frameworks";
				PRODUCT_BUNDLE_IDENTIFIER = "tw.frb.tlkuo-pay-swiftUITests";
				PRODUCT_NAME = "$(TARGET_NAME)";
				TEST_TARGET_NAME = "tlkuo-pay-swift";
				USES_XCTRUNNER = YES;
			};
			name = Debug;
		};
		5BFAD8F41C8877E900DA365A /* Release */ = {
			isa = XCBuildConfiguration;
			buildSettings = {
				INFOPLIST_FILE = "tlkuo-pay-swiftUITests/Info.plist";
				LD_RUNPATH_SEARCH_PATHS = "$(inherited) @executable_path/Frameworks @loader_path/Frameworks";
				PRODUCT_BUNDLE_IDENTIFIER = "tw.frb.tlkuo-pay-swiftUITests";
				PRODUCT_NAME = "$(TARGET_NAME)";
				TEST_TARGET_NAME = "tlkuo-pay-swift";
				USES_XCTRUNNER = YES;
			};
			name = Release;
		};
/* End XCBuildConfiguration section */

/* Begin XCConfigurationList section */
		5BFAD8851C87317100DA365A /* Build configuration list for PBXProject "tlkuo-swift" */ = {
			isa = XCConfigurationList;
			buildConfigurations = (
				5BFAD8B31C87317100DA365A /* Debug */,
				5BFAD8B41C87317100DA365A /* Release */,
			);
			defaultConfigurationIsVisible = 0;
			defaultConfigurationName = Release;
		};
		5BFAD8B51C87317100DA365A /* Build configuration list for PBXNativeTarget "tlkuo-swift" */ = {
			isa = XCConfigurationList;
			buildConfigurations = (
				5BFAD8B61C87317100DA365A /* Debug */,
				5BFAD8B71C87317100DA365A /* Release */,
			);
			defaultConfigurationIsVisible = 0;
			defaultConfigurationName = Release;
		};
		5BFAD8B81C87317100DA365A /* Build configuration list for PBXNativeTarget "tlkuo-swiftTests" */ = {
			isa = XCConfigurationList;
			buildConfigurations = (
				5BFAD8B91C87317100DA365A /* Debug */,
				5BFAD8BA1C87317100DA365A /* Release */,
			);
			defaultConfigurationIsVisible = 0;
			defaultConfigurationName = Release;
		};
		5BFAD8BB1C87317100DA365A /* Build configuration list for PBXNativeTarget "tlkuo-swiftUITests" */ = {
			isa = XCConfigurationList;
			buildConfigurations = (
				5BFAD8BC1C87317100DA365A /* Debug */,
				5BFAD8BD1C87317100DA365A /* Release */,
			);
			defaultConfigurationIsVisible = 0;
			defaultConfigurationName = Release;
		};
		5BFAD8EC1C8877E900DA365A /* Build configuration list for PBXNativeTarget "tlkuo-pay-swift" */ = {
			isa = XCConfigurationList;
			buildConfigurations = (
				5BFAD8ED1C8877E900DA365A /* Debug */,
				5BFAD8EE1C8877E900DA365A /* Release */,
			);
			defaultConfigurationIsVisible = 0;
			defaultConfigurationName = Release;
		};
		5BFAD8EF1C8877E900DA365A /* Build configuration list for PBXNativeTarget "tlkuo-pay-swiftTests" */ = {
			isa = XCConfigurationList;
			buildConfigurations = (
				5BFAD8F01C8877E900DA365A /* Debug */,
				5BFAD8F11C8877E900DA365A /* Release */,
			);
			defaultConfigurationIsVisible = 0;
			defaultConfigurationName = Release;
		};
		5BFAD8F21C8877E900DA365A /* Build configuration list for PBXNativeTarget "tlkuo-pay-swiftUITests" */ = {
			isa = XCConfigurationList;
			buildConfigurations = (
				5BFAD8F31C8877E900DA365A /* Debug */,
				5BFAD8F41C8877E900DA365A /* Release */,
			);
			defaultConfigurationIsVisible = 0;
			defaultConfigurationName = Release;
		};
/* End XCConfigurationList section */

/* Begin XCVersionGroup section */
		5BFAD8941C87317100DA365A /* tlkuo_swift.xcdatamodeld */ = {
			isa = XCVersionGroup;
			children = (
				5BFAD8951C87317100DA365A /* tlkuo_swift.xcdatamodel */,
			);
			currentVersion = 5BFAD8951C87317100DA365A /* tlkuo_swift.xcdatamodel */;
			path = tlkuo_swift.xcdatamodeld;
			sourceTree = "<group>";
			versionGroupType = wrapper.xcdatamodel;
		};
		5BFAD8CD1C8877E900DA365A /* tlkuo_pay_swift.xcdatamodeld */ = {
			isa = XCVersionGroup;
			children = (
				5BFAD8CE1C8877E900DA365A /* tlkuo_pay_swift.xcdatamodel */,
			);
			currentVersion = 5BFAD8CE1C8877E900DA365A /* tlkuo_pay_swift.xcdatamodel */;
			path = tlkuo_pay_swift.xcdatamodeld;
			sourceTree = "<group>";
			versionGroupType = wrapper.xcdatamodel;
		};
/* End XCVersionGroup section */
	};
	rootObject = 5BFAD8821C87317100DA365A /* Project object */;
}
